{
  "name": "revamp-calculator",
  "version": "1.0.0",
  "lockfileVersion": 3,
  "requires": true,
  "packages": {
    "": {
      "name": "revamp-calculator",
      "version": "1.0.0",
      "license": "ISC",
      "dependencies": {
        "revamp-calculator": "^1.0.0"
      }
    },
    "node_modules/revamp-calculator": {
      "version": "1.0.0",
      "resolved": "https://registry.npmjs.org/revamp-calculator/-/revamp-calculator-1.0.0.tgz",
      "integrity": "sha512-VNq4Wq18LM5UXrvQbtWGxrMhU9GyFH8s5TDp9wkmwHoJOi8EZClo1F5bWpXxCkFDNXVtwuDZ1GYeM5ml9t8aRg==",
      "license": "ISC"
    }
  }
}
